# THIS IS AN AUTOGENERATED FILE. DO NOT EDIT THIS FILE DIRECTLY.
# yarn lockfile v1


image-size@^1.1.1:
  version "1.1.1"
  resolved "https://registry.yarnpkg.com/image-size/-/image-size-1.1.1.tgz#ddd67d4dc340e52ac29ce5f546a09f4e29e840ac"
  integrity sha512-541xKlUw6jr/6gGuk92F+mYM5zaFAc5ahphvkqvNe2bQ6gVBkd6bfrmVJ2t4KDAfikAYZyIqTnktX3i6/aQDrQ==
  dependencies:
    queue "6.0.2"

inherits@~2.0.3:
  version "2.0.4"
  resolved "https://registry.yarnpkg.com/inherits/-/inherits-2.0.4.tgz#0fa2c64f932917c3433a0ded55363aae37416b7c"
  integrity sha512-k/vGaX4/Yla3WzyMCvTQOXYeIHvqOKtnqBduzTHpzpQZzAskKMhZ2K+EnBiSM9zGSoIFeMpXKxa4dYeZIQqewQ==

queue@6.0.2:
  version "6.0.2"
  resolved "https://registry.yarnpkg.com/queue/-/queue-6.0.2.tgz#b91525283e2315c7553d2efa18d83e76432fed65"
  integrity sha512-iHZWu+q3IdFZFX36ro/lKBkSvfkztY5Y7HMiPlOUjhupPcG2JMfst2KKEpu5XndviX/3UhFbRngUPNKtgvtZiA==
  dependencies:
    inherits "~2.0.3"
